
Microsoft Visual Studio Solution File, Format Version 12.00
# Visual Studio Version 17
VisualStudioVersion = 17.10.34916.146
MinimumVisualStudioVersion = 10.0.40219.1
Project("{9A19103F-16F7-4668-BE54-9A1E7A4F7556}") = "Kds.Api", "Kds.Api\Kds.Api.csproj", "{7023E1C7-1BD2-4BCF-A05C-C0CCC8B2C27C}"
EndProject
Project("{2150E333-8FDC-42A3-9474-1A3956D46DE8}") = "1 - Api", "1 - Api", "{863B1D88-F917-49CA-9B24-946C281228D8}"
EndProject
Project("{2150E333-8FDC-42A3-9474-1A3956D46DE8}") = "2 - Core", "2 - Core", "{4D78D9C8-3801-4AD5-B2ED-FA5B5D465426}"
EndProject
Project("{FAE04EC0-301F-11D3-BF4B-00C04F79EFBC}") = "Kds.Application", "Kds.Application\Kds.Application.csproj", "{9101884C-6305-4308-AEBD-7B9343CBF277}"
EndProject
Project("{FAE04EC0-301F-11D3-BF4B-00C04F79EFBC}") = "Kds.Business", "Kds.Business\Kds.Business.csproj", "{FEE6498F-709A-4790-BD0C-D4279FEB270E}"
EndProject
Project("{FAE04EC0-301F-11D3-BF4B-00C04F79EFBC}") = "Kds.Domain", "Kds.Domain\Kds.Domain.csproj", "{A729F319-8512-4A9E-9098-2B5D4A758B54}"
EndProject
Project("{2150E333-8FDC-42A3-9474-1A3956D46DE8}") = "3 - Adapters", "3 - Adapters", "{FF1A3983-F57F-466F-A773-85BA99F3EC76}"
EndProject
Project("{FAE04EC0-301F-11D3-BF4B-00C04F79EFBC}") = "Kds.Repository", "Kds.Repository\Kds.Repository.csproj", "{7CACC20F-B73A-4FAA-8184-4ED90C02FD59}"
EndProject
Project("{2150E333-8FDC-42A3-9474-1A3956D46DE8}") = "4 - Tests", "4 - Tests", "{CD84D4C9-13D2-4ED1-B407-E5897968E571}"
EndProject
Project("{2150E333-8FDC-42A3-9474-1A3956D46DE8}") = "1 - Application", "1 - Application", "{0C8D400D-4ADA-450D-BF83-B0D9813AB898}"
EndProject
Project("{2150E333-8FDC-42A3-9474-1A3956D46DE8}") = "2 - Business", "2 - Business", "{3A8BD607-1297-4714-9B64-C46BDE6EEBCD}"
EndProject
Project("{FAE04EC0-301F-11D3-BF4B-00C04F79EFBC}") = "Kds.Application.Test", "Kds.Application.Test\Kds.Application.Test.csproj", "{84E627AA-3F2E-43E5-8BC0-B0BDFCB8C7B9}"
EndProject
Project("{FAE04EC0-301F-11D3-BF4B-00C04F79EFBC}") = "Kds.Business.Test", "Kds.Business.Test\Kds.Business.Test.csproj", "{DB4868CD-C928-4231-8D7B-39722AB23481}"
EndProject
Global
	GlobalSection(SolutionConfigurationPlatforms) = preSolution
		Debug|Any CPU = Debug|Any CPU
		Release|Any CPU = Release|Any CPU
	EndGlobalSection
	GlobalSection(ProjectConfigurationPlatforms) = postSolution
		{7023E1C7-1BD2-4BCF-A05C-C0CCC8B2C27C}.Debug|Any CPU.ActiveCfg = Debug|Any CPU
		{7023E1C7-1BD2-4BCF-A05C-C0CCC8B2C27C}.Debug|Any CPU.Build.0 = Debug|Any CPU
		{7023E1C7-1BD2-4BCF-A05C-C0CCC8B2C27C}.Release|Any CPU.ActiveCfg = Release|Any CPU
		{7023E1C7-1BD2-4BCF-A05C-C0CCC8B2C27C}.Release|Any CPU.Build.0 = Release|Any CPU
		{9101884C-6305-4308-AEBD-7B9343CBF277}.Debug|Any CPU.ActiveCfg = Debug|Any CPU
		{9101884C-6305-4308-AEBD-7B9343CBF277}.Debug|Any CPU.Build.0 = Debug|Any CPU
		{9101884C-6305-4308-AEBD-7B9343CBF277}.Release|Any CPU.ActiveCfg = Release|Any CPU
		{9101884C-6305-4308-AEBD-7B9343CBF277}.Release|Any CPU.Build.0 = Release|Any CPU
		{FEE6498F-709A-4790-BD0C-D4279FEB270E}.Debug|Any CPU.ActiveCfg = Debug|Any CPU
		{FEE6498F-709A-4790-BD0C-D4279FEB270E}.Debug|Any CPU.Build.0 = Debug|Any CPU
		{FEE6498F-709A-4790-BD0C-D4279FEB270E}.Release|Any CPU.ActiveCfg = Release|Any CPU
		{FEE6498F-709A-4790-BD0C-D4279FEB270E}.Release|Any CPU.Build.0 = Release|Any CPU
		{A729F319-8512-4A9E-9098-2B5D4A758B54}.Debug|Any CPU.ActiveCfg = Debug|Any CPU
		{A729F319-8512-4A9E-9098-2B5D4A758B54}.Debug|Any CPU.Build.0 = Debug|Any CPU
		{A729F319-8512-4A9E-9098-2B5D4A758B54}.Release|Any CPU.ActiveCfg = Release|Any CPU
		{A729F319-8512-4A9E-9098-2B5D4A758B54}.Release|Any CPU.Build.0 = Release|Any CPU
		{7CACC20F-B73A-4FAA-8184-4ED90C02FD59}.Debug|Any CPU.ActiveCfg = Debug|Any CPU
		{7CACC20F-B73A-4FAA-8184-4ED90C02FD59}.Debug|Any CPU.Build.0 = Debug|Any CPU
		{7CACC20F-B73A-4FAA-8184-4ED90C02FD59}.Release|Any CPU.ActiveCfg = Release|Any CPU
		{7CACC20F-B73A-4FAA-8184-4ED90C02FD59}.Release|Any CPU.Build.0 = Release|Any CPU
		{84E627AA-3F2E-43E5-8BC0-B0BDFCB8C7B9}.Debug|Any CPU.ActiveCfg = Debug|Any CPU
		{84E627AA-3F2E-43E5-8BC0-B0BDFCB8C7B9}.Debug|Any CPU.Build.0 = Debug|Any CPU
		{84E627AA-3F2E-43E5-8BC0-B0BDFCB8C7B9}.Release|Any CPU.ActiveCfg = Release|Any CPU
		{84E627AA-3F2E-43E5-8BC0-B0BDFCB8C7B9}.Release|Any CPU.Build.0 = Release|Any CPU
		{DB4868CD-C928-4231-8D7B-39722AB23481}.Debug|Any CPU.ActiveCfg = Debug|Any CPU
		{DB4868CD-C928-4231-8D7B-39722AB23481}.Debug|Any CPU.Build.0 = Debug|Any CPU
		{DB4868CD-C928-4231-8D7B-39722AB23481}.Release|Any CPU.ActiveCfg = Release|Any CPU
		{DB4868CD-C928-4231-8D7B-39722AB23481}.Release|Any CPU.Build.0 = Release|Any CPU
	EndGlobalSection
	GlobalSection(SolutionProperties) = preSolution
		HideSolutionNode = FALSE
	EndGlobalSection
	GlobalSection(NestedProjects) = preSolution
		{7023E1C7-1BD2-4BCF-A05C-C0CCC8B2C27C} = {863B1D88-F917-49CA-9B24-946C281228D8}
		{9101884C-6305-4308-AEBD-7B9343CBF277} = {4D78D9C8-3801-4AD5-B2ED-FA5B5D465426}
		{FEE6498F-709A-4790-BD0C-D4279FEB270E} = {4D78D9C8-3801-4AD5-B2ED-FA5B5D465426}
		{A729F319-8512-4A9E-9098-2B5D4A758B54} = {4D78D9C8-3801-4AD5-B2ED-FA5B5D465426}
		{7CACC20F-B73A-4FAA-8184-4ED90C02FD59} = {FF1A3983-F57F-466F-A773-85BA99F3EC76}
		{0C8D400D-4ADA-450D-BF83-B0D9813AB898} = {CD84D4C9-13D2-4ED1-B407-E5897968E571}
		{3A8BD607-1297-4714-9B64-C46BDE6EEBCD} = {CD84D4C9-13D2-4ED1-B407-E5897968E571}
		{84E627AA-3F2E-43E5-8BC0-B0BDFCB8C7B9} = {0C8D400D-4ADA-450D-BF83-B0D9813AB898}
		{DB4868CD-C928-4231-8D7B-39722AB23481} = {3A8BD607-1297-4714-9B64-C46BDE6EEBCD}
	EndGlobalSection
	GlobalSection(ExtensibilityGlobals) = postSolution
		SolutionGuid = {E1067310-A4D8-4261-8452-6962C9416E28}
	EndGlobalSection
EndGlobal
